{
  "name": "kemboijstest",
  "version": "1.0.0",
  "lockfileVersion": 1,
  "requires": true,
  "dependencies": {
    "kemboijs": {
      "version": "0.0.2",
      "resolved": "https://registry.npmjs.org/kemboijs/-/kemboijs-0.0.2.tgz",
      "integrity": "sha512-54R6I93NUHX9qHeJH1HjNoTO8jbWLuqtyCs/yt3emShImzFBHz4k7Er6fA2Wxqb7XAQ4Dw5n52Ve1Q5IvZIRwg=="
    }
  }
}
